# THIS IS AN AUTOGENERATED FILE. DO NOT EDIT THIS FILE DIRECTLY.
# yarn lockfile v1


discord.js@^11.2.1:
  version "11.2.1"
  resolved "https://registry.yarnpkg.com/discord.js/-/discord.js-11.2.1.tgz#bfc0f5a8b6398dc372d026e503592646456053fc"
  dependencies:
    long "^3.2.0"
    prism-media "^0.0.1"
    snekfetch "^3.3.0"
    tweetnacl "^1.0.0"
    ws "^3.1.0"

long@^3.2.0:
  version "3.2.0"
  resolved "https://registry.yarnpkg.com/long/-/long-3.2.0.tgz#d821b7138ca1cb581c172990ef14db200b5c474b"

prism-media@^0.0.1:
  version "0.0.1"
  resolved "https://registry.yarnpkg.com/prism-media/-/prism-media-0.0.1.tgz#a3425c9cabd50d1c6c02e543941a11895667bd10"

safe-buffer@~5.1.0:
  version "5.1.1"
  resolved "https://registry.yarnpkg.com/safe-buffer/-/safe-buffer-5.1.1.tgz#893312af69b2123def71f57889001671eeb2c853"

snekfetch@^3.3.0:
  version "3.3.0"
  resolved "https://registry.yarnpkg.com/snekfetch/-/snekfetch-3.3.0.tgz#97aa0d79d5920f18c26d4c8a7fddbe91205ad0fa"

tweetnacl@^1.0.0:
  version "1.0.0"
  resolved "https://registry.yarnpkg.com/tweetnacl/-/tweetnacl-1.0.0.tgz#713d8b818da42068740bf68386d0479e66fc8a7b"

ultron@~1.1.0:
  version "1.1.0"
  resolved "https://registry.yarnpkg.com/ultron/-/ultron-1.1.0.tgz#b07a2e6a541a815fc6a34ccd4533baec307ca864"

ws@^3.1.0:
  version "3.1.0"
  resolved "https://registry.yarnpkg.com/ws/-/ws-3.1.0.tgz#8afafecdeab46d572e5397ee880739367aa2f41c"
  dependencies:
    safe-buffer "~5.1.0"
    ultron "~1.1.0"
